
Microsoft Visual Studio Solution File, Format Version 12.00
# Visual Studio Version 16
VisualStudioVersion = 16.0.31729.503
MinimumVisualStudioVersion = 10.0.40219.1
Project("{FAE04EC0-301F-11D3-BF4B-00C04F79EFBC}") = "livrable01", "livrable01.csproj", "{EEC45D96-DF85-4495-806F-5DCC7162A2E2}"
EndProject
Global
	GlobalSection(SolutionConfigurationPlatforms) = preSolution
		Debug|Any CPU = Debug|Any CPU
		Release|Any CPU = Release|Any CPU
	EndGlobalSection
	GlobalSection(ProjectConfigurationPlatforms) = postSolution
		{EEC45D96-DF85-4495-806F-5DCC7162A2E2}.Debug|Any CPU.ActiveCfg = Debug|Any CPU
		{EEC45D96-DF85-4495-806F-5DCC7162A2E2}.Debug|Any CPU.Build.0 = Debug|Any CPU
		{EEC45D96-DF85-4495-806F-5DCC7162A2E2}.Release|Any CPU.ActiveCfg = Release|Any CPU
		{EEC45D96-DF85-4495-806F-5DCC7162A2E2}.Release|Any CPU.Build.0 = Release|Any CPU
	EndGlobalSection
	GlobalSection(SolutionProperties) = preSolution
		HideSolutionNode = FALSE
	EndGlobalSection
	GlobalSection(ExtensibilityGlobals) = postSolution
		SolutionGuid = {F99DED1D-AB36-47A9-B736-0ACA72579385}
	EndGlobalSection
EndGlobal
